// !$*UTF8*$!
{
	archiveVersion = 1;
	classes = {
	};
	objectVersion = 46;
	objects = {

/* Begin PBXBuildFile section */
		2D4D02ED1D7EAA4F0003930C /* QRCodeTool.m in Sources */ = {isa = PBXBuildFile; fileRef = 2D4D02EC1D7EAA4F0003930C /* QRCodeTool.m */; };
		2D541C3D1D7FDDE9001DA71A /* WKWebViewVC.m in Sources */ = {isa = PBXBuildFile; fileRef = 2D541C3C1D7FDDE9001DA71A /* WKWebViewVC.m */; };
		2D541C3F1D7FEFB7001DA71A /* WKWebViewVC.xib in Resources */ = {isa = PBXBuildFile; fileRef = 2D541C3E1D7FEFB7001DA71A /* WKWebViewVC.xib */; };
		2D8BF34A1D7D0848005306FF /* main.m in Sources */ = {isa = PBXBuildFile; fileRef = 2D8BF3491D7D0848005306FF /* main.m */; };
		2D8BF34D1D7D0848005306FF /* AppDelegate.m in Sources */ = {isa = PBXBuildFile; fileRef = 2D8BF34C1D7D0848005306FF /* AppDelegate.m */; };
		2D8BF3531D7D0848005306FF /* Main.storyboard in Resources */ = {isa = PBXBuildFile; fileRef = 2D8BF3511D7D0848005306FF /* Main.storyboard */; };
		2D8BF3551D7D0848005306FF /* Assets.xcassets in Resources */ = {isa = PBXBuildFile; fileRef = 2D8BF3541D7D0848005306FF /* Assets.xcassets */; };
		2D8BF3581D7D0848005306FF /* LaunchScreen.storyboard in Resources */ = {isa = PBXBuildFile; fileRef = 2D8BF3561D7D0848005306FF /* LaunchScreen.storyboard */; };
		2D8BF3631D7D0848005306FF /* ___Tests.m in Sources */ = {isa = PBXBuildFile; fileRef = 2D8BF3621D7D0848005306FF /* ___Tests.m */; };
		2D8BF36E1D7D0848005306FF /* ___UITests.m in Sources */ = {isa = PBXBuildFile; fileRef = 2D8BF36D1D7D0848005306FF /* ___UITests.m */; };
		2D8BF38E1D7D0B2C005306FF /* GeneratorQRCodeVC.m in Sources */ = {isa = PBXBuildFile; fileRef = 2D8BF38D1D7D0B2C005306FF /* GeneratorQRCodeVC.m */; };
		2D8BF3911D7D0B54005306FF /* DetectorQRCodeVC.m in Sources */ = {isa = PBXBuildFile; fileRef = 2D8BF3901D7D0B54005306FF /* DetectorQRCodeVC.m */; };
		2D8BF3941D7D0B64005306FF /* ScanQRCodeVC.m in Sources */ = {isa = PBXBuildFile; fileRef = 2D8BF3931D7D0B64005306FF /* ScanQRCodeVC.m */; };
		2D8BF3961D7D0DF7005306FF /* GeneratorQRCodeVC.storyboard in Resources */ = {isa = PBXBuildFile; fileRef = 2D8BF3951D7D0DF7005306FF /* GeneratorQRCodeVC.storyboard */; };
		2D8BF3981D7D0E28005306FF /* DetectorQRCodeVC.storyboard in Resources */ = {isa = PBXBuildFile; fileRef = 2D8BF3971D7D0E28005306FF /* DetectorQRCodeVC.storyboard */; };
		2D8BF39A1D7D0E3A005306FF /* ScanQRCodeVC.storyboard in Resources */ = {isa = PBXBuildFile; fileRef = 2D8BF3991D7D0E3A005306FF /* ScanQRCodeVC.storyboard */; };
		2D8BF39D1D7D5548005306FF /* Foundation+Log.m in Sources */ = {isa = PBXBuildFile; fileRef = 2D8BF39C1D7D5548005306FF /* Foundation+Log.m */; };
/* End PBXBuildFile section */

/* Begin PBXContainerItemProxy section */
		2D8BF35F1D7D0848005306FF /* PBXContainerItemProxy */ = {
			isa = PBXContainerItemProxy;
			containerPortal = 2D8BF33D1D7D0848005306FF /* Project object */;
			proxyType = 1;
			remoteGlobalIDString = 2D8BF3441D7D0848005306FF;
			remoteInfo = "二维码";
		};
		2D8BF36A1D7D0848005306FF /* PBXContainerItemProxy */ = {
			isa = PBXContainerItemProxy;
			containerPortal = 2D8BF33D1D7D0848005306FF /* Project object */;
			proxyType = 1;
			remoteGlobalIDString = 2D8BF3441D7D0848005306FF;
			remoteInfo = "二维码";
		};
/* End PBXContainerItemProxy section */

/* Begin PBXFileReference section */
		2D4D02EB1D7EAA4F0003930C /* QRCodeTool.h */ = {isa = PBXFileReference; fileEncoding = 4; lastKnownFileType = sourcecode.c.h; path = QRCodeTool.h; sourceTree = "<group>"; };
		2D4D02EC1D7EAA4F0003930C /* QRCodeTool.m */ = {isa = PBXFileReference; fileEncoding = 4; lastKnownFileType = sourcecode.c.objc; path = QRCodeTool.m; sourceTree = "<group>"; };
		2D4D02EE1D7EC82A0003930C /* Singleton.h */ = {isa = PBXFileReference; fileEncoding = 4; lastKnownFileType = sourcecode.c.h; path = Singleton.h; sourceTree = "<group>"; };
		2D541C3B1D7FDDE9001DA71A /* WKWebViewVC.h */ = {isa = PBXFileReference; fileEncoding = 4; lastKnownFileType = sourcecode.c.h; path = WKWebViewVC.h; sourceTree = "<group>"; };
		2D541C3C1D7FDDE9001DA71A /* WKWebViewVC.m */ = {isa = PBXFileReference; fileEncoding = 4; lastKnownFileType = sourcecode.c.objc; path = WKWebViewVC.m; sourceTree = "<group>"; };
		2D541C3E1D7FEFB7001DA71A /* WKWebViewVC.xib */ = {isa = PBXFileReference; fileEncoding = 4; lastKnownFileType = file.xib; path = WKWebViewVC.xib; sourceTree = "<group>"; };
		2D8BF3451D7D0848005306FF /* 二维码.app */ = {isa = PBXFileReference; explicitFileType = wrapper.application; includeInIndex = 0; path = "二维码.app"; sourceTree = BUILT_PRODUCTS_DIR; };
		2D8BF3491D7D0848005306FF /* main.m */ = {isa = PBXFileReference; lastKnownFileType = sourcecode.c.objc; path = main.m; sourceTree = "<group>"; };
		2D8BF34B1D7D0848005306FF /* AppDelegate.h */ = {isa = PBXFileReference; lastKnownFileType = sourcecode.c.h; path = AppDelegate.h; sourceTree = "<group>"; };
		2D8BF34C1D7D0848005306FF /* AppDelegate.m */ = {isa = PBXFileReference; lastKnownFileType = sourcecode.c.objc; path = AppDelegate.m; sourceTree = "<group>"; };
		2D8BF3521D7D0848005306FF /* Base */ = {isa = PBXFileReference; lastKnownFileType = file.storyboard; name = Base; path = Base.lproj/Main.storyboard; sourceTree = "<group>"; };
		2D8BF3541D7D0848005306FF /* Assets.xcassets */ = {isa = PBXFileReference; lastKnownFileType = folder.assetcatalog; path = Assets.xcassets; sourceTree = "<group>"; };
		2D8BF3571D7D0848005306FF /* Base */ = {isa = PBXFileReference; lastKnownFileType = file.storyboard; name = Base; path = Base.lproj/LaunchScreen.storyboard; sourceTree = "<group>"; };
		2D8BF3591D7D0848005306FF /* Info.plist */ = {isa = PBXFileReference; lastKnownFileType = text.plist.xml; path = Info.plist; sourceTree = "<group>"; };
		2D8BF35E1D7D0848005306FF /* 二维码Tests.xctest */ = {isa = PBXFileReference; explicitFileType = wrapper.cfbundle; includeInIndex = 0; path = "二维码Tests.xctest"; sourceTree = BUILT_PRODUCTS_DIR; };
		2D8BF3621D7D0848005306FF /* ___Tests.m */ = {isa = PBXFileReference; lastKnownFileType = sourcecode.c.objc; path = "___Tests.m"; sourceTree = "<group>"; };
		2D8BF3641D7D0848005306FF /* Info.plist */ = {isa = PBXFileReference; lastKnownFileType = text.plist.xml; path = Info.plist; sourceTree = "<group>"; };
		2D8BF3691D7D0848005306FF /* 二维码UITests.xctest */ = {isa = PBXFileReference; explicitFileType = wrapper.cfbundle; includeInIndex = 0; path = "二维码UITests.xctest"; sourceTree = BUILT_PRODUCTS_DIR; };
		2D8BF36D1D7D0848005306FF /* ___UITests.m */ = {isa = PBXFileReference; lastKnownFileType = sourcecode.c.objc; path = "___UITests.m"; sourceTree = "<group>"; };
		2D8BF36F1D7D0848005306FF /* Info.plist */ = {isa = PBXFileReference; lastKnownFileType = text.plist.xml; path = Info.plist; sourceTree = "<group>"; };
		2D8BF38C1D7D0B2C005306FF /* GeneratorQRCodeVC.h */ = {isa = PBXFileReference; fileEncoding = 4; lastKnownFileType = sourcecode.c.h; path = GeneratorQRCodeVC.h; sourceTree = "<group>"; };
		2D8BF38D1D7D0B2C005306FF /* GeneratorQRCodeVC.m */ = {isa = PBXFileReference; fileEncoding = 4; lastKnownFileType = sourcecode.c.objc; path = GeneratorQRCodeVC.m; sourceTree = "<group>"; };
		2D8BF38F1D7D0B54005306FF /* DetectorQRCodeVC.h */ = {isa = PBXFileReference; fileEncoding = 4; lastKnownFileType = sourcecode.c.h; path = DetectorQRCodeVC.h; sourceTree = "<group>"; };
		2D8BF3901D7D0B54005306FF /* DetectorQRCodeVC.m */ = {isa = PBXFileReference; fileEncoding = 4; lastKnownFileType = sourcecode.c.objc; path = DetectorQRCodeVC.m; sourceTree = "<group>"; };
		2D8BF3921D7D0B64005306FF /* ScanQRCodeVC.h */ = {isa = PBXFileReference; fileEncoding = 4; lastKnownFileType = sourcecode.c.h; path = ScanQRCodeVC.h; sourceTree = "<group>"; };
		2D8BF3931D7D0B64005306FF /* ScanQRCodeVC.m */ = {isa = PBXFileReference; fileEncoding = 4; lastKnownFileType = sourcecode.c.objc; path = ScanQRCodeVC.m; sourceTree = "<group>"; };
		2D8BF3951D7D0DF7005306FF /* GeneratorQRCodeVC.storyboard */ = {isa = PBXFileReference; fileEncoding = 4; lastKnownFileType = file.storyboard; path = GeneratorQRCodeVC.storyboard; sourceTree = "<group>"; };
		2D8BF3971D7D0E28005306FF /* DetectorQRCodeVC.storyboard */ = {isa = PBXFileReference; fileEncoding = 4; lastKnownFileType = file.storyboard; path = DetectorQRCodeVC.storyboard; sourceTree = "<group>"; };
		2D8BF3991D7D0E3A005306FF /* ScanQRCodeVC.storyboard */ = {isa = PBXFileReference; fileEncoding = 4; lastKnownFileType = file.storyboard; path = ScanQRCodeVC.storyboard; sourceTree = "<group>"; };
		2D8BF39C1D7D5548005306FF /* Foundation+Log.m */ = {isa = PBXFileReference; fileEncoding = 4; lastKnownFileType = sourcecode.c.objc; path = "Foundation+Log.m"; sourceTree = "<group>"; };
		2D8BF39E1D7D55B5005306FF /* PrefixHeader.pch */ = {isa = PBXFileReference; fileEncoding = 4; lastKnownFileType = sourcecode.c.h; path = PrefixHeader.pch; sourceTree = "<group>"; };
/* End PBXFileReference section */

/* Begin PBXFrameworksBuildPhase section */
		2D8BF3421D7D0848005306FF /* Frameworks */ = {
			isa = PBXFrameworksBuildPhase;
			buildActionMask = 2147483647;
			files = (
			);
			runOnlyForDeploymentPostprocessing = 0;
		};
		2D8BF35B1D7D0848005306FF /* Frameworks */ = {
			isa = PBXFrameworksBuildPhase;
			buildActionMask = 2147483647;
			files = (
			);
			runOnlyForDeploymentPostprocessing = 0;
		};
		2D8BF3661D7D0848005306FF /* Frameworks */ = {
			isa = PBXFrameworksBuildPhase;
			buildActionMask = 2147483647;
			files = (
			);
			runOnlyForDeploymentPostprocessing = 0;
		};
/* End PBXFrameworksBuildPhase section */

/* Begin PBXGroup section */
		2D8BF33C1D7D0848005306FF = {
			isa = PBXGroup;
			children = (
				2D8BF3471D7D0848005306FF /* 二维码 */,
				2D8BF3611D7D0848005306FF /* 二维码Tests */,
				2D8BF36C1D7D0848005306FF /* 二维码UITests */,
				2D8BF3461D7D0848005306FF /* Products */,
			);
			sourceTree = "<group>";
		};
		2D8BF3461D7D0848005306FF /* Products */ = {
			isa = PBXGroup;
			children = (
				2D8BF3451D7D0848005306FF /* 二维码.app */,
				2D8BF35E1D7D0848005306FF /* 二维码Tests.xctest */,
				2D8BF3691D7D0848005306FF /* 二维码UITests.xctest */,
			);
			name = Products;
			sourceTree = "<group>";
		};
		2D8BF3471D7D0848005306FF /* 二维码 */ = {
			isa = PBXGroup;
			children = (
				2D8BF34B1D7D0848005306FF /* AppDelegate.h */,
				2D8BF34C1D7D0848005306FF /* AppDelegate.m */,
				2D8BF37F1D7D0B07005306FF /* Classes */,
				2D8BF3511D7D0848005306FF /* Main.storyboard */,
				2D8BF3541D7D0848005306FF /* Assets.xcassets */,
				2D8BF3561D7D0848005306FF /* LaunchScreen.storyboard */,
				2D8BF3591D7D0848005306FF /* Info.plist */,
				2D8BF39E1D7D55B5005306FF /* PrefixHeader.pch */,
				2D8BF3481D7D0848005306FF /* Supporting Files */,
			);
			path = "二维码";
			sourceTree = "<group>";
		};
		2D8BF3481D7D0848005306FF /* Supporting Files */ = {
			isa = PBXGroup;
			children = (
				2D8BF3491D7D0848005306FF /* main.m */,
			);
			name = "Supporting Files";
			sourceTree = "<group>";
		};
		2D8BF3611D7D0848005306FF /* 二维码Tests */ = {
			isa = PBXGroup;
			children = (
				2D8BF3621D7D0848005306FF /* ___Tests.m */,
				2D8BF3641D7D0848005306FF /* Info.plist */,
			);
			path = "二维码Tests";
			sourceTree = "<group>";
		};
		2D8BF36C1D7D0848005306FF /* 二维码UITests */ = {
			isa = PBXGroup;
			children = (
				2D8BF36D1D7D0848005306FF /* ___UITests.m */,
				2D8BF36F1D7D0848005306FF /* Info.plist */,
			);
			path = "二维码UITests";
			sourceTree = "<group>";
		};
		2D8BF37F1D7D0B07005306FF /* Classes */ = {
			isa = PBXGroup;
			children = (
				2D8BF39B1D7D553A005306FF /* Tools */,
				2D8BF3841D7D0B07005306FF /* GeneratorQRCode */,
				2D8BF3801D7D0B07005306FF /* DetectorQRCode */,
				2D8BF3881D7D0B07005306FF /* ScanQRCode */,
			);
			path = Classes;
			sourceTree = "<group>";
		};
		2D8BF3801D7D0B07005306FF /* DetectorQRCode */ = {
			isa = PBXGroup;
			children = (
				2D8BF3811D7D0B07005306FF /* Controller */,
				2D8BF3821D7D0B07005306FF /* Model */,
				2D8BF3831D7D0B07005306FF /* View */,
			);
			path = DetectorQRCode;
			sourceTree = "<group>";
		};
		2D8BF3811D7D0B07005306FF /* Controller */ = {
			isa = PBXGroup;
			children = (
				2D8BF38F1D7D0B54005306FF /* DetectorQRCodeVC.h */,
				2D8BF3901D7D0B54005306FF /* DetectorQRCodeVC.m */,
				2D8BF3971D7D0E28005306FF /* DetectorQRCodeVC.storyboard */,
			);
			path = Controller;
			sourceTree = "<group>";
		};
		2D8BF3821D7D0B07005306FF /* Model */ = {
			isa = PBXGroup;
			children = (
			);
			path = Model;
			sourceTree = "<group>";
		};
		2D8BF3831D7D0B07005306FF /* View */ = {
			isa = PBXGroup;
			children = (
			);
			path = View;
			sourceTree = "<group>";
		};
		2D8BF3841D7D0B07005306FF /* GeneratorQRCode */ = {
			isa = PBXGroup;
			children = (
				2D8BF3851D7D0B07005306FF /* Controller */,
				2D8BF3861D7D0B07005306FF /* Model */,
				2D8BF3871D7D0B07005306FF /* View */,
			);
			path = GeneratorQRCode;
			sourceTree = "<group>";
		};
		2D8BF3851D7D0B07005306FF /* Controller */ = {
			isa = PBXGroup;
			children = (
				2D8BF38C1D7D0B2C005306FF /* GeneratorQRCodeVC.h */,
				2D8BF38D1D7D0B2C005306FF /* GeneratorQRCodeVC.m */,
				2D8BF3951D7D0DF7005306FF /* GeneratorQRCodeVC.storyboard */,
			);
			path = Controller;
			sourceTree = "<group>";
		};
		2D8BF3861D7D0B07005306FF /* Model */ = {
			isa = PBXGroup;
			children = (
			);
			path = Model;
			sourceTree = "<group>";
		};
		2D8BF3871D7D0B07005306FF /* View */ = {
			isa = PBXGroup;
			children = (
			);
			path = View;
			sourceTree = "<group>";
		};
		2D8BF3881D7D0B07005306FF /* ScanQRCode */ = {
			isa = PBXGroup;
			children = (
				2D8BF3891D7D0B07005306FF /* Controller */,
				2D8BF38A1D7D0B07005306FF /* Model */,
				2D8BF38B1D7D0B07005306FF /* View */,
			);
			path = ScanQRCode;
			sourceTree = "<group>";
		};
		2D8BF3891D7D0B07005306FF /* Controller */ = {
			isa = PBXGroup;
			children = (
				2D8BF3921D7D0B64005306FF /* ScanQRCodeVC.h */,
				2D8BF3931D7D0B64005306FF /* ScanQRCodeVC.m */,
				2D8BF3991D7D0E3A005306FF /* ScanQRCodeVC.storyboard */,
				2D541C3B1D7FDDE9001DA71A /* WKWebViewVC.h */,
				2D541C3C1D7FDDE9001DA71A /* WKWebViewVC.m */,
				2D541C3E1D7FEFB7001DA71A /* WKWebViewVC.xib */,
			);
			path = Controller;
			sourceTree = "<group>";
		};
		2D8BF38A1D7D0B07005306FF /* Model */ = {
			isa = PBXGroup;
			children = (
			);
			path = Model;
			sourceTree = "<group>";
		};
		2D8BF38B1D7D0B07005306FF /* View */ = {
			isa = PBXGroup;
			children = (
			);
			path = View;
			sourceTree = "<group>";
		};
		2D8BF39B1D7D553A005306FF /* Tools */ = {
			isa = PBXGroup;
			children = (
				2D8BF39C1D7D5548005306FF /* Foundation+Log.m */,
				2D4D02EE1D7EC82A0003930C /* Singleton.h */,
				2D4D02EB1D7EAA4F0003930C /* QRCodeTool.h */,
				2D4D02EC1D7EAA4F0003930C /* QRCodeTool.m */,
			);
			path = Tools;
			sourceTree = "<group>";
		};
/* End PBXGroup section */

/* Begin PBXNativeTarget section */
		2D8BF3441D7D0848005306FF /* 二维码 */ = {
			isa = PBXNativeTarget;
			buildConfigurationList = 2D8BF3721D7D0848005306FF /* Build configuration list for PBXNativeTarget "二维码" */;
			buildPhases = (
				2D8BF3411D7D0848005306FF /* Sources */,
				2D8BF3421D7D0848005306FF /* Frameworks */,
				2D8BF3431D7D0848005306FF /* Resources */,
			);
			buildRules = (
			);
			dependencies = (
			);
			name = "二维码";
			productName = "二维码";
			productReference = 2D8BF3451D7D0848005306FF /* 二维码.app */;
			productType = "com.apple.product-type.application";
		};
		2D8BF35D1D7D0848005306FF /* 二维码Tests */ = {
			isa = PBXNativeTarget;
			buildConfigurationList = 2D8BF3751D7D0848005306FF /* Build configuration list for PBXNativeTarget "二维码Tests" */;
			buildPhases = (
				2D8BF35A1D7D0848005306FF /* Sources */,
				2D8BF35B1D7D0848005306FF /* Frameworks */,
				2D8BF35C1D7D0848005306FF /* Resources */,
			);
			buildRules = (
			);
			dependencies = (
				2D8BF3601D7D0848005306FF /* PBXTargetDependency */,
			);
			name = "二维码Tests";
			productName = "二维码Tests";
			productReference = 2D8BF35E1D7D0848005306FF /* 二维码Tests.xctest */;
			productType = "com.apple.product-type.bundle.unit-test";
		};
		2D8BF3681D7D0848005306FF /* 二维码UITests */ = {
			isa = PBXNativeTarget;
			buildConfigurationList = 2D8BF3781D7D0848005306FF /* Build configuration list for PBXNativeTarget "二维码UITests" */;
			buildPhases = (
				2D8BF3651D7D0848005306FF /* Sources */,
				2D8BF3661D7D0848005306FF /* Frameworks */,
				2D8BF3671D7D0848005306FF /* Resources */,
			);
			buildRules = (
			);
			dependencies = (
				2D8BF36B1D7D0848005306FF /* PBXTargetDependency */,
			);
			name = "二维码UITests";
			productName = "二维码UITests";
			productReference = 2D8BF3691D7D0848005306FF /* 二维码UITests.xctest */;
			productType = "com.apple.product-type.bundle.ui-testing";
		};
/* End PBXNativeTarget section */

/* Begin PBXProject section */
		2D8BF33D1D7D0848005306FF /* Project object */ = {
			isa = PBXProject;
			attributes = {
				LastUpgradeCheck = 0720;
				ORGANIZATIONNAME = chenxu;
				TargetAttributes = {
					2D8BF3441D7D0848005306FF = {
						CreatedOnToolsVersion = 7.2.1;
					};
					2D8BF35D1D7D0848005306FF = {
						CreatedOnToolsVersion = 7.2.1;
						TestTargetID = 2D8BF3441D7D0848005306FF;
					};
					2D8BF3681D7D0848005306FF = {
						CreatedOnToolsVersion = 7.2.1;
						TestTargetID = 2D8BF3441D7D0848005306FF;
					};
				};
			};
			buildConfigurationList = 2D8BF3401D7D0848005306FF /* Build configuration list for PBXProject "二维码" */;
			compatibilityVersion = "Xcode 3.2";
			developmentRegion = English;
			hasScannedForEncodings = 0;
			knownRegions = (
				en,
				Base,
			);
			mainGroup = 2D8BF33C1D7D0848005306FF;
			productRefGroup = 2D8BF3461D7D0848005306FF /* Products */;
			projectDirPath = "";
			projectRoot = "";
			targets = (
				2D8BF3441D7D0848005306FF /* 二维码 */,
				2D8BF35D1D7D0848005306FF /* 二维码Tests */,
				2D8BF3681D7D0848005306FF /* 二维码UITests */,
			);
		};
/* End PBXProject section */

/* Begin PBXResourcesBuildPhase section */
		2D8BF3431D7D0848005306FF /* Resources */ = {
			isa = PBXResourcesBuildPhase;
			buildActionMask = 2147483647;
			files = (
				2D8BF3581D7D0848005306FF /* LaunchScreen.storyboard in Resources */,
				2D8BF3961D7D0DF7005306FF /* GeneratorQRCodeVC.storyboard in Resources */,
				2D8BF3551D7D0848005306FF /* Assets.xcassets in Resources */,
				2D8BF3981D7D0E28005306FF /* DetectorQRCodeVC.storyboard in Resources */,
				2D8BF39A1D7D0E3A005306FF /* ScanQRCodeVC.storyboard in Resources */,
				2D541C3F1D7FEFB7001DA71A /* WKWebViewVC.xib in Resources */,
				2D8BF3531D7D0848005306FF /* Main.storyboard in Resources */,
			);
			runOnlyForDeploymentPostprocessing = 0;
		};
		2D8BF35C1D7D0848005306FF /* Resources */ = {
			isa = PBXResourcesBuildPhase;
			buildActionMask = 2147483647;
			files = (
			);
			runOnlyForDeploymentPostprocessing = 0;
		};
		2D8BF3671D7D0848005306FF /* Resources */ = {
			isa = PBXResourcesBuildPhase;
			buildActionMask = 2147483647;
			files = (
			);
			runOnlyForDeploymentPostprocessing = 0;
		};
/* End PBXResourcesBuildPhase section */

/* Begin PBXSourcesBuildPhase section */
		2D8BF3411D7D0848005306FF /* Sources */ = {
			isa = PBXSourcesBuildPhase;
			buildActionMask = 2147483647;
			files = (
				2D8BF34D1D7D0848005306FF /* AppDelegate.m in Sources */,
				2D8BF3941D7D0B64005306FF /* ScanQRCodeVC.m in Sources */,
				2D8BF38E1D7D0B2C005306FF /* GeneratorQRCodeVC.m in Sources */,
				2D4D02ED1D7EAA4F0003930C /* QRCodeTool.m in Sources */,
				2D541C3D1D7FDDE9001DA71A /* WKWebViewVC.m in Sources */,
				2D8BF3911D7D0B54005306FF /* DetectorQRCodeVC.m in Sources */,
				2D8BF34A1D7D0848005306FF /* main.m in Sources */,
				2D8BF39D1D7D5548005306FF /* Foundation+Log.m in Sources */,
			);
			runOnlyForDeploymentPostprocessing = 0;
		};
		2D8BF35A1D7D0848005306FF /* Sources */ = {
			isa = PBXSourcesBuildPhase;
			buildActionMask = 2147483647;
			files = (
				2D8BF3631D7D0848005306FF /* ___Tests.m in Sources */,
			);
			runOnlyForDeploymentPostprocessing = 0;
		};
		2D8BF3651D7D0848005306FF /* Sources */ = {
			isa = PBXSourcesBuildPhase;
			buildActionMask = 2147483647;
			files = (
				2D8BF36E1D7D0848005306FF /* ___UITests.m in Sources */,
			);
			runOnlyForDeploymentPostprocessing = 0;
		};
/* End PBXSourcesBuildPhase section */

/* Begin PBXTargetDependency section */
		2D8BF3601D7D0848005306FF /* PBXTargetDependency */ = {
			isa = PBXTargetDependency;
			target = 2D8BF3441D7D0848005306FF /* 二维码 */;
			targetProxy = 2D8BF35F1D7D0848005306FF /* PBXContainerItemProxy */;
		};
		2D8BF36B1D7D0848005306FF /* PBXTargetDependency */ = {
			isa = PBXTargetDependency;
			target = 2D8BF3441D7D0848005306FF /* 二维码 */;
			targetProxy = 2D8BF36A1D7D0848005306FF /* PBXContainerItemProxy */;
		};
/* End PBXTargetDependency section */

/* Begin PBXVariantGroup section */
		2D8BF3511D7D0848005306FF /* Main.storyboard */ = {
			isa = PBXVariantGroup;
			children = (
				2D8BF3521D7D0848005306FF /* Base */,
			);
			name = Main.storyboard;
			sourceTree = "<group>";
		};
		2D8BF3561D7D0848005306FF /* LaunchScreen.storyboard */ = {
			isa = PBXVariantGroup;
			children = (
				2D8BF3571D7D0848005306FF /* Base */,
			);
			name = LaunchScreen.storyboard;
			sourceTree = "<group>";
		};
/* End PBXVariantGroup section */

/* Begin XCBuildConfiguration section */
		2D8BF3701D7D0848005306FF /* Debug */ = {
			isa = XCBuildConfiguration;
			buildSettings = {
				ALWAYS_SEARCH_USER_PATHS = NO;
				CLANG_CXX_LANGUAGE_STANDARD = "gnu++0x";
				CLANG_CXX_LIBRARY = "libc++";
				CLANG_ENABLE_MODULES = YES;
				CLANG_ENABLE_OBJC_ARC = YES;
				CLANG_WARN_BOOL_CONVERSION = YES;
				CLANG_WARN_CONSTANT_CONVERSION = YES;
				CLANG_WARN_DIRECT_OBJC_ISA_USAGE = YES_ERROR;
				CLANG_WARN_EMPTY_BODY = YES;
				CLANG_WARN_ENUM_CONVERSION = YES;
				CLANG_WARN_INT_CONVERSION = YES;
				CLANG_WARN_OBJC_ROOT_CLASS = YES_ERROR;
				CLANG_WARN_UNREACHABLE_CODE = YES;
				CLANG_WARN__DUPLICATE_METHOD_MATCH = YES;
				"CODE_SIGN_IDENTITY[sdk=iphoneos*]" = "iPhone Developer";
				COPY_PHASE_STRIP = NO;
				DEBUG_INFORMATION_FORMAT = dwarf;
				ENABLE_STRICT_OBJC_MSGSEND = YES;
				ENABLE_TESTABILITY = YES;
				GCC_C_LANGUAGE_STANDARD = gnu99;
				GCC_DYNAMIC_NO_PIC = NO;
				GCC_NO_COMMON_BLOCKS = YES;
				GCC_OPTIMIZATION_LEVEL = 0;
				GCC_PREPROCESSOR_DEFINITIONS = (
					"DEBUG=1",
					"$(inherited)",
				);
				GCC_WARN_64_TO_32_BIT_CONVERSION = YES;
				GCC_WARN_ABOUT_RETURN_TYPE = YES_ERROR;
				GCC_WARN_UNDECLARED_SELECTOR = YES;
				GCC_WARN_UNINITIALIZED_AUTOS = YES_AGGRESSIVE;
				GCC_WARN_UNUSED_FUNCTION = YES;
				GCC_WARN_UNUSED_VARIABLE = YES;
				IPHONEOS_DEPLOYMENT_TARGET = 9.2;
				MTL_ENABLE_DEBUG_INFO = YES;
				ONLY_ACTIVE_ARCH = YES;
				SDKROOT = iphoneos;
				TARGETED_DEVICE_FAMILY = "1,2";
			};
			name = Debug;
		};
		2D8BF3711D7D0848005306FF /* Release */ = {
			isa = XCBuildConfiguration;
			buildSettings = {
				ALWAYS_SEARCH_USER_PATHS = NO;
				CLANG_CXX_LANGUAGE_STANDARD = "gnu++0x";
				CLANG_CXX_LIBRARY = "libc++";
				CLANG_ENABLE_MODULES = YES;
				CLANG_ENABLE_OBJC_ARC = YES;
				CLANG_WARN_BOOL_CONVERSION = YES;
				CLANG_WARN_CONSTANT_CONVERSION = YES;
				CLANG_WARN_DIRECT_OBJC_ISA_USAGE = YES_ERROR;
				CLANG_WARN_EMPTY_BODY = YES;
				CLANG_WARN_ENUM_CONVERSION = YES;
				CLANG_WARN_INT_CONVERSION = YES;
				CLANG_WARN_OBJC_ROOT_CLASS = YES_ERROR;
				CLANG_WARN_UNREACHABLE_CODE = YES;
				CLANG_WARN__DUPLICATE_METHOD_MATCH = YES;
				"CODE_SIGN_IDENTITY[sdk=iphoneos*]" = "iPhone Developer";
				COPY_PHASE_STRIP = NO;
				DEBUG_INFORMATION_FORMAT = "dwarf-with-dsym";
				ENABLE_NS_ASSERTIONS = NO;
				ENABLE_STRICT_OBJC_MSGSEND = YES;
				GCC_C_LANGUAGE_STANDARD = gnu99;
				GCC_NO_COMMON_BLOCKS = YES;
				GCC_WARN_64_TO_32_BIT_CONVERSION = YES;
				GCC_WARN_ABOUT_RETURN_TYPE = YES_ERROR;
				GCC_WARN_UNDECLARED_SELECTOR = YES;
				GCC_WARN_UNINITIALIZED_AUTOS = YES_AGGRESSIVE;
				GCC_WARN_UNUSED_FUNCTION = YES;
				GCC_WARN_UNUSED_VARIABLE = YES;
				IPHONEOS_DEPLOYMENT_TARGET = 9.2;
				MTL_ENABLE_DEBUG_INFO = NO;
				SDKROOT = iphoneos;
				TARGETED_DEVICE_FAMILY = "1,2";
				VALIDATE_PRODUCT = YES;
			};
			name = Release;
		};
		2D8BF3731D7D0848005306FF /* Debug */ = {
			isa = XCBuildConfiguration;
			buildSettings = {
				ASSETCATALOG_COMPILER_APPICON_NAME = AppIcon;
				INFOPLIST_FILE = "二维码/Info.plist";
				IPHONEOS_DEPLOYMENT_TARGET = 8.1;
				LD_RUNPATH_SEARCH_PATHS = "$(inherited) @executable_path/Frameworks";
				PRODUCT_BUNDLE_IDENTIFIER = "com.chenxu.---";
				PRODUCT_NAME = "$(TARGET_NAME)";
			};
			name = Debug;
		};
		2D8BF3741D7D0848005306FF /* Release */ = {
			isa = XCBuildConfiguration;
			buildSettings = {
				ASSETCATALOG_COMPILER_APPICON_NAME = AppIcon;
				INFOPLIST_FILE = "二维码/Info.plist";
				IPHONEOS_DEPLOYMENT_TARGET = 8.1;
				LD_RUNPATH_SEARCH_PATHS = "$(inherited) @executable_path/Frameworks";
				PRODUCT_BUNDLE_IDENTIFIER = "com.chenxu.---";
				PRODUCT_NAME = "$(TARGET_NAME)";
			};
			name = Release;
		};
		2D8BF3761D7D0848005306FF /* Debug */ = {
			isa = XCBuildConfiguration;
			buildSettings = {
				BUNDLE_LOADER = "$(TEST_HOST)";
				INFOPLIST_FILE = "二维码Tests/Info.plist";
				LD_RUNPATH_SEARCH_PATHS = "$(inherited) @executable_path/Frameworks @loader_path/Frameworks";
				PRODUCT_BUNDLE_IDENTIFIER = "com.chenxu.---Tests";
				PRODUCT_NAME = "$(TARGET_NAME)";
				TEST_HOST = "$(BUILT_PRODUCTS_DIR)/二维码.app/二维码";
			};
			name = Debug;
		};
		2D8BF3771D7D0848005306FF /* Release */ = {
			isa = XCBuildConfiguration;
			buildSettings = {
				BUNDLE_LOADER = "$(TEST_HOST)";
				INFOPLIST_FILE = "二维码Tests/Info.plist";
				LD_RUNPATH_SEARCH_PATHS = "$(inherited) @executable_path/Frameworks @loader_path/Frameworks";
				PRODUCT_BUNDLE_IDENTIFIER = "com.chenxu.---Tests";
				PRODUCT_NAME = "$(TARGET_NAME)";
				TEST_HOST = "$(BUILT_PRODUCTS_DIR)/二维码.app/二维码";
			};
			name = Release;
		};
		2D8BF3791D7D0848005306FF /* Debug */ = {
			isa = XCBuildConfiguration;
			buildSettings = {
				INFOPLIST_FILE = "二维码UITests/Info.plist";
				LD_RUNPATH_SEARCH_PATHS = "$(inherited) @executable_path/Frameworks @loader_path/Frameworks";
				PRODUCT_BUNDLE_IDENTIFIER = "com.chenxu.---UITests";
				PRODUCT_NAME = "$(TARGET_NAME)";
				TEST_TARGET_NAME = "二维码";
				USES_XCTRUNNER = YES;
			};
			name = Debug;
		};
		2D8BF37A1D7D0848005306FF /* Release */ = {
			isa = XCBuildConfiguration;
			buildSettings = {
				INFOPLIST_FILE = "二维码UITests/Info.plist";
				LD_RUNPATH_SEARCH_PATHS = "$(inherited) @executable_path/Frameworks @loader_path/Frameworks";
				PRODUCT_BUNDLE_IDENTIFIER = "com.chenxu.---UITests";
				PRODUCT_NAME = "$(TARGET_NAME)";
				TEST_TARGET_NAME = "二维码";
				USES_XCTRUNNER = YES;
			};
			name = Release;
		};
/* End XCBuildConfiguration section */

/* Begin XCConfigurationList section */
		2D8BF3401D7D0848005306FF /* Build configuration list for PBXProject "二维码" */ = {
			isa = XCConfigurationList;
			buildConfigurations = (
				2D8BF3701D7D0848005306FF /* Debug */,
				2D8BF3711D7D0848005306FF /* Release */,
			);
			defaultConfigurationIsVisible = 0;
			defaultConfigurationName = Release;
		};
		2D8BF3721D7D0848005306FF /* Build configuration list for PBXNativeTarget "二维码" */ = {
			isa = XCConfigurationList;
			buildConfigurations = (
				2D8BF3731D7D0848005306FF /* Debug */,
				2D8BF3741D7D0848005306FF /* Release */,
			);
			defaultConfigurationIsVisible = 0;
			defaultConfigurationName = Release;
		};
		2D8BF3751D7D0848005306FF /* Build configuration list for PBXNativeTarget "二维码Tests" */ = {
			isa = XCConfigurationList;
			buildConfigurations = (
				2D8BF3761D7D0848005306FF /* Debug */,
				2D8BF3771D7D0848005306FF /* Release */,
			);
			defaultConfigurationIsVisible = 0;
			defaultConfigurationName = Release;
		};
		2D8BF3781D7D0848005306FF /* Build configuration list for PBXNativeTarget "二维码UITests" */ = {
			isa = XCConfigurationList;
			buildConfigurations = (
				2D8BF3791D7D0848005306FF /* Debug */,
				2D8BF37A1D7D0848005306FF /* Release */,
			);
			defaultConfigurationIsVisible = 0;
			defaultConfigurationName = Release;
		};
/* End XCConfigurationList section */
	};
	rootObject = 2D8BF33D1D7D0848005306FF /* Project object */;
}
